
Microsoft Visual Studio Solution File, Format Version 12.00
# Visual Studio Version 16
VisualStudioVersion = 16.0.30406.217
MinimumVisualStudioVersion = 10.0.40219.1
Project("{FAE04EC0-301F-11D3-BF4B-00C04F79EFBC}") = "PetsLostAndFound", "PetsLostAndFound\PetsLostAndFound.csproj", "{72C72F3D-1A84-48D3-9B53-A54B0D4058A2}"
EndProject
Global
	GlobalSection(SolutionConfigurationPlatforms) = preSolution
		Debug|Any CPU = Debug|Any CPU
		Release|Any CPU = Release|Any CPU
	EndGlobalSection
	GlobalSection(ProjectConfigurationPlatforms) = postSolution
		{72C72F3D-1A84-48D3-9B53-A54B0D4058A2}.Debug|Any CPU.ActiveCfg = Debug|Any CPU
		{72C72F3D-1A84-48D3-9B53-A54B0D4058A2}.Debug|Any CPU.Build.0 = Debug|Any CPU
		{72C72F3D-1A84-48D3-9B53-A54B0D4058A2}.Release|Any CPU.ActiveCfg = Release|Any CPU
		{72C72F3D-1A84-48D3-9B53-A54B0D4058A2}.Release|Any CPU.Build.0 = Release|Any CPU
	EndGlobalSection
	GlobalSection(SolutionProperties) = preSolution
		HideSolutionNode = FALSE
	EndGlobalSection
	GlobalSection(ExtensibilityGlobals) = postSolution
		SolutionGuid = {49E537E5-030F-46FD-A78E-DBB79E364F57}
	EndGlobalSection
EndGlobal
